{
  "version": 4,
  "terraform_version": "1.6.6",
  "serial": 53,
  "lineage": "8c21fe73-a237-76c1-99c0-f9c0149b1c97",
  "outputs": {},
  "resources": [
    {
      "module": "module.dev_vpc",
      "mode": "managed",
      "type": "aws_vpc",
      "name": "vpc_module",
      "provider": "provider[\"registry.terraform.io/hashicorp/aws\"]",
      "instances": [
        {
          "schema_version": 1,
          "attributes": {
            "arn": "arn:aws:ec2:eu-west-1:519861628843:vpc/vpc-0eb835b2c5fcd2090",
            "assign_generated_ipv6_cidr_block": false,
            "cidr_block": "10.166.0.0/16",
            "default_network_acl_id": "acl-0d025068c476b0902",
            "default_route_table_id": "rtb-0b07ec19e8116bdbf",
            "default_security_group_id": "sg-0e3ce0276db44df5f",
            "dhcp_options_id": "dopt-ebf0978d",
            "enable_dns_hostnames": false,
            "enable_dns_support": true,
            "enable_network_address_usage_metrics": false,
            "id": "vpc-0eb835b2c5fcd2090",
            "instance_tenancy": "default",
            "ipv4_ipam_pool_id": null,
            "ipv4_netmask_length": null,
            "ipv6_association_id": "",
            "ipv6_cidr_block": "",
            "ipv6_cidr_block_network_border_group": "",
            "ipv6_ipam_pool_id": "",
            "ipv6_netmask_length": 0,
            "main_route_table_id": "rtb-0b07ec19e8116bdbf",
            "owner_id": "519861628843",
            "tags": {
              "Charge_code": "12345",
              "Environment": "dev",
              "Name": "Dev-VPC",
              "Service_owner": "Evernor"
            },
            "tags_all": {
              "Charge_code": "12345",
              "Environment": "dev",
              "Name": "Dev-VPC",
              "Service_owner": "Evernor"
            }
          },
          "sensitive_attributes": [],
          "private": "eyJzY2hlbWFfdmVyc2lvbiI6IjEifQ=="
        }
      ]
    },
    {
      "module": "module.subnets",
      "mode": "managed",
      "type": "aws_subnet",
      "name": "private_test_subnet",
      "provider": "provider[\"registry.terraform.io/hashicorp/aws\"]",
      "instances": [
        {
          "index_key": 0,
          "schema_version": 1,
          "attributes": {
            "arn": "arn:aws:ec2:eu-west-1:519861628843:subnet/subnet-01336e26e779981a7",
            "assign_ipv6_address_on_creation": false,
            "availability_zone": "eu-west-1a",
            "availability_zone_id": "euw1-az3",
            "cidr_block": "10.166.0.0/24",
            "customer_owned_ipv4_pool": "",
            "enable_dns64": false,
            "enable_lni_at_device_index": 0,
            "enable_resource_name_dns_a_record_on_launch": false,
            "enable_resource_name_dns_aaaa_record_on_launch": false,
            "id": "subnet-01336e26e779981a7",
            "ipv6_cidr_block": "",
            "ipv6_cidr_block_association_id": "",
            "ipv6_native": false,
            "map_customer_owned_ip_on_launch": false,
            "map_public_ip_on_launch": false,
            "outpost_arn": "",
            "owner_id": "519861628843",
            "private_dns_hostname_type_on_launch": "ip-name",
            "tags": {
              "Charge_code": "12345",
              "Environment": "dev",
              "Name": "private-test-subnet-0",
              "Service_owner": "Evernor"
            },
            "tags_all": {
              "Charge_code": "12345",
              "Environment": "dev",
              "Name": "private-test-subnet-0",
              "Service_owner": "Evernor"
            },
            "timeouts": null,
            "vpc_id": "vpc-0eb835b2c5fcd2090"
          },
          "sensitive_attributes": [],
          "private": "eyJlMmJmYjczMC1lY2FhLTExZTYtOGY4OC0zNDM2M2JjN2M0YzAiOnsiY3JlYXRlIjo2MDAwMDAwMDAwMDAsImRlbGV0ZSI6MTIwMDAwMDAwMDAwMH0sInNjaGVtYV92ZXJzaW9uIjoiMSJ9",
          "dependencies": [
            "module.dev_vpc.aws_vpc.vpc_module"
          ]
        },
        {
          "index_key": 1,
          "schema_version": 1,
          "attributes": {
            "arn": "arn:aws:ec2:eu-west-1:519861628843:subnet/subnet-0b88a596f4e1b5c3d",
            "assign_ipv6_address_on_creation": false,
            "availability_zone": "eu-west-1b",
            "availability_zone_id": "euw1-az1",
            "cidr_block": "10.166.1.0/24",
            "customer_owned_ipv4_pool": "",
            "enable_dns64": false,
            "enable_lni_at_device_index": 0,
            "enable_resource_name_dns_a_record_on_launch": false,
            "enable_resource_name_dns_aaaa_record_on_launch": false,
            "id": "subnet-0b88a596f4e1b5c3d",
            "ipv6_cidr_block": "",
            "ipv6_cidr_block_association_id": "",
            "ipv6_native": false,
            "map_customer_owned_ip_on_launch": false,
            "map_public_ip_on_launch": false,
            "outpost_arn": "",
            "owner_id": "519861628843",
            "private_dns_hostname_type_on_launch": "ip-name",
            "tags": {
              "Charge_code": "12345",
              "Environment": "dev",
              "Name": "private-test-subnet-1",
              "Service_owner": "Evernor"
            },
            "tags_all": {
              "Charge_code": "12345",
              "Environment": "dev",
              "Name": "private-test-subnet-1",
              "Service_owner": "Evernor"
            },
            "timeouts": null,
            "vpc_id": "vpc-0eb835b2c5fcd2090"
          },
          "sensitive_attributes": [],
          "private": "eyJlMmJmYjczMC1lY2FhLTExZTYtOGY4OC0zNDM2M2JjN2M0YzAiOnsiY3JlYXRlIjo2MDAwMDAwMDAwMDAsImRlbGV0ZSI6MTIwMDAwMDAwMDAwMH0sInNjaGVtYV92ZXJzaW9uIjoiMSJ9",
          "dependencies": [
            "module.dev_vpc.aws_vpc.vpc_module"
          ]
        },
        {
          "index_key": 2,
          "schema_version": 1,
          "attributes": {
            "arn": "arn:aws:ec2:eu-west-1:519861628843:subnet/subnet-09f5d80a04ef3d318",
            "assign_ipv6_address_on_creation": false,
            "availability_zone": "eu-west-1c",
            "availability_zone_id": "euw1-az2",
            "cidr_block": "10.166.2.0/24",
            "customer_owned_ipv4_pool": "",
            "enable_dns64": false,
            "enable_lni_at_device_index": 0,
            "enable_resource_name_dns_a_record_on_launch": false,
            "enable_resource_name_dns_aaaa_record_on_launch": false,
            "id": "subnet-09f5d80a04ef3d318",
            "ipv6_cidr_block": "",
            "ipv6_cidr_block_association_id": "",
            "ipv6_native": false,
            "map_customer_owned_ip_on_launch": false,
            "map_public_ip_on_launch": false,
            "outpost_arn": "",
            "owner_id": "519861628843",
            "private_dns_hostname_type_on_launch": "ip-name",
            "tags": {
              "Charge_code": "12345",
              "Environment": "dev",
              "Name": "private-test-subnet-2",
              "Service_owner": "Evernor"
            },
            "tags_all": {
              "Charge_code": "12345",
              "Environment": "dev",
              "Name": "private-test-subnet-2",
              "Service_owner": "Evernor"
            },
            "timeouts": null,
            "vpc_id": "vpc-0eb835b2c5fcd2090"
          },
          "sensitive_attributes": [],
          "private": "eyJlMmJmYjczMC1lY2FhLTExZTYtOGY4OC0zNDM2M2JjN2M0YzAiOnsiY3JlYXRlIjo2MDAwMDAwMDAwMDAsImRlbGV0ZSI6MTIwMDAwMDAwMDAwMH0sInNjaGVtYV92ZXJzaW9uIjoiMSJ9",
          "dependencies": [
            "module.dev_vpc.aws_vpc.vpc_module"
          ]
        }
      ]
    }
  ],
  "check_results": null
}
