{
  "version": 4,
  "terraform_version": "1.6.6",
  "serial": 4,
  "lineage": "8c21fe73-a237-76c1-99c0-f9c0149b1c97",
  "outputs": {},
  "resources": [
    {
      "module": "module.dev_vpc",
      "mode": "managed",
      "type": "aws_vpc",
      "name": "vpc_module",
      "provider": "provider[\"registry.terraform.io/hashicorp/aws\"]",
      "instances": [
        {
          "schema_version": 1,
          "attributes": {
            "arn": "arn:aws:ec2:eu-west-1:519861628843:vpc/vpc-067d5b32a22ceaec6",
            "assign_generated_ipv6_cidr_block": false,
            "cidr_block": "10.166.0.0/16",
            "default_network_acl_id": "acl-0ba78675c06b24790",
            "default_route_table_id": "rtb-0ea2329f43c3f3c7b",
            "default_security_group_id": "sg-0504248a474db2ffd",
            "dhcp_options_id": "dopt-ebf0978d",
            "enable_dns_hostnames": false,
            "enable_dns_support": true,
            "enable_network_address_usage_metrics": false,
            "id": "vpc-067d5b32a22ceaec6",
            "instance_tenancy": "default",
            "ipv4_ipam_pool_id": null,
            "ipv4_netmask_length": null,
            "ipv6_association_id": "",
            "ipv6_cidr_block": "",
            "ipv6_cidr_block_network_border_group": "",
            "ipv6_ipam_pool_id": "",
            "ipv6_netmask_length": 0,
            "main_route_table_id": "rtb-0ea2329f43c3f3c7b",
            "owner_id": "519861628843",
            "tags": {
              "Charge_code": "12345",
              "Environment": "dev",
              "Name": "Dev-VPC",
              "Service_owner": "Evernor"
            },
            "tags_all": {
              "Charge_code": "12345",
              "Environment": "dev",
              "Name": "Dev-VPC",
              "Service_owner": "Evernor"
            }
          },
          "sensitive_attributes": [],
          "private": "eyJzY2hlbWFfdmVyc2lvbiI6IjEifQ=="
        }
      ]
    },
    {
      "module": "module.private_subnet",
      "mode": "managed",
      "type": "aws_subnet",
      "name": "test_subnet",
      "provider": "provider[\"registry.terraform.io/hashicorp/aws\"]",
      "instances": [
        {
          "schema_version": 1,
          "attributes": {
            "arn": "arn:aws:ec2:eu-west-1:519861628843:subnet/subnet-02dc0d2a0d36ff5c4",
            "assign_ipv6_address_on_creation": false,
            "availability_zone": "eu-west-1b",
            "availability_zone_id": "euw1-az1",
            "cidr_block": "10.166.0.0/24",
            "customer_owned_ipv4_pool": "",
            "enable_dns64": false,
            "enable_lni_at_device_index": 0,
            "enable_resource_name_dns_a_record_on_launch": false,
            "enable_resource_name_dns_aaaa_record_on_launch": false,
            "id": "subnet-02dc0d2a0d36ff5c4",
            "ipv6_cidr_block": "",
            "ipv6_cidr_block_association_id": "",
            "ipv6_native": false,
            "map_customer_owned_ip_on_launch": false,
            "map_public_ip_on_launch": false,
            "outpost_arn": "",
            "owner_id": "519861628843",
            "private_dns_hostname_type_on_launch": "ip-name",
            "tags": {
              "Charge_code": "12345",
              "Environment": "dev",
              "Name": "Dev-Private-Subnet",
              "Service_owner": "Evernor"
            },
            "tags_all": {
              "Charge_code": "12345",
              "Environment": "dev",
              "Name": "Dev-Private-Subnet",
              "Service_owner": "Evernor"
            },
            "timeouts": null,
            "vpc_id": "vpc-067d5b32a22ceaec6"
          },
          "sensitive_attributes": [],
          "private": "eyJlMmJmYjczMC1lY2FhLTExZTYtOGY4OC0zNDM2M2JjN2M0YzAiOnsiY3JlYXRlIjo2MDAwMDAwMDAwMDAsImRlbGV0ZSI6MTIwMDAwMDAwMDAwMH0sInNjaGVtYV92ZXJzaW9uIjoiMSJ9",
          "dependencies": [
            "module.dev_vpc.aws_vpc.vpc_module"
          ]
        }
      ]
    }
  ],
  "check_results": null
}
