{
  "version": 4,
  "terraform_version": "1.6.6",
  "serial": 10,
  "lineage": "8c21fe73-a237-76c1-99c0-f9c0149b1c97",
  "outputs": {},
  "resources": [
    {
      "module": "module.dev_vpc",
      "mode": "managed",
      "type": "aws_internet_gateway",
      "name": "igw",
      "provider": "provider[\"registry.terraform.io/hashicorp/aws\"]",
      "instances": [
        {
          "schema_version": 0,
          "attributes": {
            "arn": "arn:aws:ec2:eu-west-1:519861628843:internet-gateway/igw-0ab9cd81cb18a8fcd",
            "id": "igw-0ab9cd81cb18a8fcd",
            "owner_id": "519861628843",
            "tags": {
              "Charge_code": "12345",
              "Environment": "dev",
              "Name": "vpc-02acf502243dc5f22-internet-gateway",
              "Service_owner": "Evernor"
            },
            "tags_all": {
              "Charge_code": "12345",
              "Environment": "dev",
              "Name": "vpc-02acf502243dc5f22-internet-gateway",
              "Service_owner": "Evernor"
            },
            "timeouts": null,
            "vpc_id": "vpc-02acf502243dc5f22"
          },
          "sensitive_attributes": [],
          "private": "eyJlMmJmYjczMC1lY2FhLTExZTYtOGY4OC0zNDM2M2JjN2M0YzAiOnsiY3JlYXRlIjoxMjAwMDAwMDAwMDAwLCJkZWxldGUiOjEyMDAwMDAwMDAwMDAsInVwZGF0ZSI6MTIwMDAwMDAwMDAwMH19",
          "dependencies": [
            "module.dev_vpc.aws_vpc.vpc_module"
          ]
        }
      ]
    },
    {
      "module": "module.dev_vpc",
      "mode": "managed",
      "type": "aws_vpc",
      "name": "vpc_module",
      "provider": "provider[\"registry.terraform.io/hashicorp/aws\"]",
      "instances": [
        {
          "schema_version": 1,
          "attributes": {
            "arn": "arn:aws:ec2:eu-west-1:519861628843:vpc/vpc-02acf502243dc5f22",
            "assign_generated_ipv6_cidr_block": false,
            "cidr_block": "10.166.0.0/16",
            "default_network_acl_id": "acl-00b4194743796b196",
            "default_route_table_id": "rtb-0a349943c952fbd79",
            "default_security_group_id": "sg-0a8c66b3a445ccb0e",
            "dhcp_options_id": "dopt-ebf0978d",
            "enable_dns_hostnames": false,
            "enable_dns_support": true,
            "enable_network_address_usage_metrics": false,
            "id": "vpc-02acf502243dc5f22",
            "instance_tenancy": "default",
            "ipv4_ipam_pool_id": null,
            "ipv4_netmask_length": null,
            "ipv6_association_id": "",
            "ipv6_cidr_block": "",
            "ipv6_cidr_block_network_border_group": "",
            "ipv6_ipam_pool_id": "",
            "ipv6_netmask_length": 0,
            "main_route_table_id": "rtb-0a349943c952fbd79",
            "owner_id": "519861628843",
            "tags": {
              "Charge_code": "12345",
              "Environment": "dev",
              "Name": "Dev-VPC",
              "Service_owner": "Evernor"
            },
            "tags_all": {
              "Charge_code": "12345",
              "Environment": "dev",
              "Name": "Dev-VPC",
              "Service_owner": "Evernor"
            }
          },
          "sensitive_attributes": [],
          "private": "eyJzY2hlbWFfdmVyc2lvbiI6IjEifQ=="
        }
      ]
    },
    {
      "module": "module.subnets",
      "mode": "managed",
      "type": "aws_subnet",
      "name": "private_test_subnet",
      "provider": "provider[\"registry.terraform.io/hashicorp/aws\"]",
      "instances": []
    },
    {
      "module": "module.subnets",
      "mode": "managed",
      "type": "aws_subnet",
      "name": "public_test_subnet",
      "provider": "provider[\"registry.terraform.io/hashicorp/aws\"]",
      "instances": []
    }
  ],
  "check_results": null
}
